
Microsoft Visual Studio Solution File, Format Version 12.00
# Visual Studio 15
VisualStudioVersion = 15.0.28307.1169
MinimumVisualStudioVersion = 10.0.40219.1
Project("{FAE04EC0-301F-11D3-BF4B-00C04F79EFBC}") = "OnlineLibraryManagement", "OnlineLibraryManagement\OnlineLibraryManagement.csproj", "{44406162-DC34-4FE1-9532-C7A1D9B94525}"
EndProject
Global
	GlobalSection(SolutionConfigurationPlatforms) = preSolution
		Debug|Any CPU = Debug|Any CPU
		Release|Any CPU = Release|Any CPU
	EndGlobalSection
	GlobalSection(ProjectConfigurationPlatforms) = postSolution
		{44406162-DC34-4FE1-9532-C7A1D9B94525}.Debug|Any CPU.ActiveCfg = Debug|Any CPU
		{44406162-DC34-4FE1-9532-C7A1D9B94525}.Debug|Any CPU.Build.0 = Debug|Any CPU
		{44406162-DC34-4FE1-9532-C7A1D9B94525}.Release|Any CPU.ActiveCfg = Release|Any CPU
		{44406162-DC34-4FE1-9532-C7A1D9B94525}.Release|Any CPU.Build.0 = Release|Any CPU
	EndGlobalSection
	GlobalSection(SolutionProperties) = preSolution
		HideSolutionNode = FALSE
	EndGlobalSection
	GlobalSection(ExtensibilityGlobals) = postSolution
		SolutionGuid = {682C13F2-1DAE-41BD-B2DF-9B30C7ABDF09}
	EndGlobalSection
EndGlobal
